
Microsoft Visual Studio Solution File, Format Version 12.00
# Visual Studio 15
VisualStudioVersion = 15.0.27428.2011
MinimumVisualStudioVersion = 10.0.40219.1
Project("{8BC9CEB8-8B4A-11D0-8D11-00A0C91BC942}") = "Metrolink-JsonAggtor", "Metrolink-JsonAggtor\Metrolink-JsonAggtor.vcxproj", "{76C42D3C-F2A4-465F-B1F7-917F885FF025}"
EndProject
Global
	GlobalSection(SolutionConfigurationPlatforms) = preSolution
		Debug|x64 = Debug|x64
		Debug|x86 = Debug|x86
		Release|x64 = Release|x64
		Release|x86 = Release|x86
	EndGlobalSection
	GlobalSection(ProjectConfigurationPlatforms) = postSolution
		{76C42D3C-F2A4-465F-B1F7-917F885FF025}.Debug|x64.ActiveCfg = Debug|x64
		{76C42D3C-F2A4-465F-B1F7-917F885FF025}.Debug|x64.Build.0 = Debug|x64
		{76C42D3C-F2A4-465F-B1F7-917F885FF025}.Debug|x86.ActiveCfg = Debug|Win32
		{76C42D3C-F2A4-465F-B1F7-917F885FF025}.Debug|x86.Build.0 = Debug|Win32
		{76C42D3C-F2A4-465F-B1F7-917F885FF025}.Release|x64.ActiveCfg = Release|x64
		{76C42D3C-F2A4-465F-B1F7-917F885FF025}.Release|x64.Build.0 = Release|x64
		{76C42D3C-F2A4-465F-B1F7-917F885FF025}.Release|x86.ActiveCfg = Release|Win32
		{76C42D3C-F2A4-465F-B1F7-917F885FF025}.Release|x86.Build.0 = Release|Win32
	EndGlobalSection
	GlobalSection(SolutionProperties) = preSolution
		HideSolutionNode = FALSE
	EndGlobalSection
	GlobalSection(ExtensibilityGlobals) = postSolution
		SolutionGuid = {5C89F696-9D97-4269-B7E0-2B2B45DA717E}
	EndGlobalSection
EndGlobal
